PODS:
  - DZNEmptyDataSet (1.8.1)
  - FDFullscreenPopGesture (1.1)
  - IQKeyboardManager (6.5.6)
  - JXCategoryKit (0.2.7):
    - JXCategoryKit/CoreLocation (= 0.2.7)
    - JXCategoryKit/Foundation (= 0.2.7)
    - JXCategoryKit/QuartzCore (= 0.2.7)
    - JXCategoryKit/UIKit (= 0.2.7)
  - JXCategoryKit/CoreLocation (0.2.7)
  - JXCategoryKit/Foundation (0.2.7):
    - JXCategoryKit/Foundation/NSArray (= 0.2.7)
    - JXCategoryKit/Foundation/NSBundle (= 0.2.7)
    - JXCategoryKit/Foundation/NSData (= 0.2.7)
    - JXCategoryKit/Foundation/NSDate (= 0.2.7)
    - JXCategoryKit/Foundation/NSDictionary (= 0.2.7)
    - JXCategoryKit/Foundation/NSError (= 0.2.7)
    - JXCategoryKit/Foundation/NSFileManager (= 0.2.7)
    - JXCategoryKit/Foundation/NSNotificationCenter (= 0.2.7)
    - JXCategoryKit/Foundation/NSNull (= 0.2.7)
    - JXCategoryKit/Foundation/NSObject (= 0.2.7)
    - JXCategoryKit/Foundation/NSString (= 0.2.7)
    - JXCategoryKit/Foundation/NSTimer (= 0.2.7)
  - JXCategoryKit/Foundation/NSArray (0.2.7):
    - JXCategoryKit/Foundation/NSObject
  - JXCategoryKit/Foundation/NSBundle (0.2.7)
  - JXCategoryKit/Foundation/NSData (0.2.7)
  - JXCategoryKit/Foundation/NSDate (0.2.7)
  - JXCategoryKit/Foundation/NSDictionary (0.2.7):
    - JXCategoryKit/Foundation/NSObject
  - JXCategoryKit/Foundation/NSError (0.2.7)
  - JXCategoryKit/Foundation/NSFileManager (0.2.7)
  - JXCategoryKit/Foundation/NSNotificationCenter (0.2.7)
  - JXCategoryKit/Foundation/NSNull (0.2.7)
  - JXCategoryKit/Foundation/NSObject (0.2.7)
  - JXCategoryKit/Foundation/NSString (0.2.7):
    - JXCategoryKit/Foundation/NSData
    - JXCategoryKit/Foundation/NSObject
  - JXCategoryKit/Foundation/NSTimer (0.2.7)
  - JXCategoryKit/QuartzCore (0.2.7)
  - JXCategoryKit/UIKit (0.2.7):
    - JXCategoryKit/UIKit/UIApplication (= 0.2.7)
    - JXCategoryKit/UIKit/UIButton (= 0.2.7)
    - JXCategoryKit/UIKit/UIColor (= 0.2.7)
    - JXCategoryKit/UIKit/UIControl (= 0.2.7)
    - JXCategoryKit/UIKit/UIDevice (= 0.2.7)
    - JXCategoryKit/UIKit/UIGestureRecognizer (= 0.2.7)
    - JXCategoryKit/UIKit/UIImage (= 0.2.7)
    - JXCategoryKit/UIKit/UIScrollView (= 0.2.7)
    - JXCategoryKit/UIKit/UITabBarController (= 0.2.7)
    - JXCategoryKit/UIKit/UITableView (= 0.2.7)
    - JXCategoryKit/UIKit/UITableViewCell (= 0.2.7)
    - JXCategoryKit/UIKit/UITextField (= 0.2.7)
    - JXCategoryKit/UIKit/UIView (= 0.2.7)
    - JXCategoryKit/UIKit/UIViewController (= 0.2.7)
    - JXCategoryKit/UIKit/UIWindow (= 0.2.7)
  - JXCategoryKit/UIKit/UIApplication (0.2.7)
  - JXCategoryKit/UIKit/UIButton (0.2.7)
  - JXCategoryKit/UIKit/UIColor (0.2.7)
  - JXCategoryKit/UIKit/UIControl (0.2.7)
  - JXCategoryKit/UIKit/UIDevice (0.2.7)
  - JXCategoryKit/UIKit/UIGestureRecognizer (0.2.7)
  - JXCategoryKit/UIKit/UIImage (0.2.7)
  - JXCategoryKit/UIKit/UIScrollView (0.2.7)
  - JXCategoryKit/UIKit/UITabBarController (0.2.7):
    - JXCategoryKit/UIKit/UIImage
  - JXCategoryKit/UIKit/UITableView (0.2.7)
  - JXCategoryKit/UIKit/UITableViewCell (0.2.7)
  - JXCategoryKit/UIKit/UITextField (0.2.7)
  - JXCategoryKit/UIKit/UIView (0.2.7)
  - JXCategoryKit/UIKit/UIViewController (0.2.7)
  - JXCategoryKit/UIKit/UIWindow (0.2.7)
  - LDZFAlertDialog (0.1.0):
    - LDZFAlertDialog/BaseDialog (= 0.1.0)
    - LDZFAlertDialog/DateDialog (= 0.1.0)
    - LDZFAlertDialog/MultiChoiceDialog (= 0.1.0)
    - LDZFAlertDialog/SingleChoiceDialog (= 0.1.0)
  - LDZFAlertDialog/BaseDialog (0.1.0):
    - LDZFCategories
    - LDZFGeneralTools
    - Masonry
  - LDZFAlertDialog/DateDialog (0.1.0):
    - LDZFAlertDialog/BaseDialog
  - LDZFAlertDialog/MultiChoiceDialog (0.1.0):
    - LDZFAlertDialog/BaseDialog
  - LDZFAlertDialog/SingleChoiceDialog (0.1.0):
    - LDZFAlertDialog/BaseDialog
    - LDZFCustomPickerView
  - LDZFCategories (0.1.1):
    - JXCategoryKit
    - LDZFCategories/Foundation (= 0.1.1)
    - LDZFCategories/QuartzCore (= 0.1.1)
    - LDZFCategories/UIKit (= 0.1.1)
    - LDZFCategories/UnSure (= 0.1.1)
    - LDZFCommon
  - LDZFCategories/Foundation (0.1.1):
    - JXCategoryKit
    - LDZFCommon
  - LDZFCategories/QuartzCore (0.1.1):
    - JXCategoryKit
    - LDZFCommon
  - LDZFCategories/UIKit (0.1.1):
    - JXCategoryKit
    - LDZFCommon
  - LDZFCategories/UnSure (0.1.1):
    - JXCategoryKit
    - LDZFCommon
  - LDZFCommon (0.1.0)
  - LDZFCustomPickerView (0.1.0)
  - LDZFFormKit (0.1.0):
    - IQKeyboardManager
    - Masonry
    - YYText
  - LDZFGeneralTools (0.1.0):
    - LDZFGeneralTools/DateFormatter (= 0.1.0)
    - LDZFGeneralTools/DeepLinkModel (= 0.1.0)
    - LDZFGeneralTools/DeviceInfo (= 0.1.0)
    - LDZFGeneralTools/FileManager (= 0.1.0)
    - LDZFGeneralTools/IrregularElementsCreator (= 0.1.0)
    - LDZFGeneralTools/JailBreakChecker (= 0.1.0)
    - "LDZFGeneralTools/NSArray+IndexPath (= 0.1.0)"
    - LDZFGeneralTools/NumberFormatter (= 0.1.0)
    - LDZFGeneralTools/Permission (= 0.1.0)
    - LDZFGeneralTools/RegEx (= 0.1.0)
  - LDZFGeneralTools/DateFormatter (0.1.0)
  - LDZFGeneralTools/DeepLinkModel (0.1.0)
  - LDZFGeneralTools/DeviceInfo (0.1.0)
  - LDZFGeneralTools/FileManager (0.1.0)
  - LDZFGeneralTools/IrregularElementsCreator (0.1.0)
  - LDZFGeneralTools/JailBreakChecker (0.1.0)
  - "LDZFGeneralTools/NSArray+IndexPath (0.1.0)"
  - LDZFGeneralTools/NumberFormatter (0.1.0)
  - LDZFGeneralTools/Permission (0.1.0)
  - LDZFGeneralTools/RegEx (0.1.0):
    - RegExCategories
  - LDZFMobileFramework (0.1.0):
    - DZNEmptyDataSet
    - FDFullscreenPopGesture
    - LDZFCategories
    - LDZFGeneralTools
    - Masonry
  - Masonry (1.1.0)
  - RegExCategories (1.0)
  - YYText (1.0.7)

DEPENDENCIES:
  - LDZFAlertDialog
  - LDZFFormKit (from `../`)
  - LDZFMobileFramework

SPEC REPOS:
  trunk:
    - DZNEmptyDataSet
    - FDFullscreenPopGesture
    - IQKeyboardManager
    - JXCategoryKit
    - LDZFAlertDialog
    - LDZFCategories
    - LDZFCommon
    - LDZFCustomPickerView
    - LDZFGeneralTools
    - LDZFMobileFramework
    - Masonry
    - RegExCategories
    - YYText

EXTERNAL SOURCES:
  LDZFFormKit:
    :path: "../"

SPEC CHECKSUMS:
  DZNEmptyDataSet: 9525833b9e68ac21c30253e1d3d7076cc828eaa7
  FDFullscreenPopGesture: a8a620179e3d9c40e8e00256dcee1c1a27c6d0f0
  IQKeyboardManager: 2a6e97afdafc7becf0cb17a9a8d795e3a980717f
  JXCategoryKit: 5f0e2524d4169ae7e2858de5e4e6a350a22c25fd
  LDZFAlertDialog: 822f21be7c1786dd4c0b1281aa146440ed2f4d61
  LDZFCategories: 9efb066dbaf8918c62419662e8d6e1b1e58ae485
  LDZFCommon: a0587af17c138e915041fd1166cda269fa041640
  LDZFCustomPickerView: 22ab502672c4e065201fde4b98a0616f0e1060de
  LDZFFormKit: a7abfbb83f0589b6ec657bdc0da3997055e44f8a
  LDZFGeneralTools: a1f71a1aafe4cfa51b34ed0c06f3b047f4132f31
  LDZFMobileFramework: c19a5175802e39281f968601ad932fe30423cfe9
  Masonry: 678fab65091a9290e40e2832a55e7ab731aad201
  RegExCategories: e68befacacd5bda853c88f70ec745cb2d0cfb89c
  YYText: 5c461d709e24d55a182d1441c41dc639a18a4849

PODFILE CHECKSUM: 6ca29137a7e7b46bc7719d0d5568583a5af6cac3

COCOAPODS: 1.11.2
