PODS:
  - IQKeyboardManager (6.5.9)
  - LDZFAlertDialog (0.1.7):
    - LDZFAlertDialog/BaseDialog (= 0.1.7)
    - LDZFAlertDialog/Core (= 0.1.7)
    - LDZFAlertDialog/DateDialog (= 0.1.7)
    - LDZFAlertDialog/LDZFAlertDialogResources (= 0.1.7)
    - LDZFAlertDialog/MultiChoiceDialog (= 0.1.7)
    - LDZFAlertDialog/SingleChoiceDialog (= 0.1.7)
  - LDZFAlertDialog/BaseDialog (0.1.7):
    - LDZFAlertDialog/Core
    - LDZFCategories
    - LDZFCommon
    - Masonry
  - LDZFAlertDialog/Core (0.1.7)
  - LDZFAlertDialog/DateDialog (0.1.7):
    - LDZFAlertDialog/BaseDialog
  - LDZFAlertDialog/LDZFAlertDialogResources (0.1.7)
  - LDZFAlertDialog/MultiChoiceDialog (0.1.7):
    - LDZFAlertDialog/BaseDialog
    - LDZFAlertDialog/LDZFAlertDialogResources
  - LDZFAlertDialog/SingleChoiceDialog (0.1.7):
    - LDZFAlertDialog/BaseDialog
    - LDZFPickerView
  - LDZFCategories (0.1.25):
    - LDZFCategories/Core (= 0.1.25)
    - LDZFCategories/Foundation (= 0.1.25)
    - LDZFCategories/UIKit (= 0.1.25)
  - LDZFCategories/Core (0.1.25)
  - LDZFCategories/Foundation (0.1.25):
    - LDZFCategories/Core
  - LDZFCategories/UIKit (0.1.25):
    - LDZFCategories/Core
  - LDZFCommon (0.3.1):
    - QMUIKit/QMUIComponents/QMUIAnimation
    - QMUIKit/QMUIComponents/QMUIBadge
    - QMUIKit/QMUIComponents/QMUIButton
    - QMUIKit/QMUIComponents/QMUICAAnimationExtension
    - QMUIKit/QMUIComponents/QMUICALayerExtension
    - QMUIKit/QMUIComponents/QMUICellHeightCache
    - QMUIKit/QMUIComponents/QMUICellHeightKeyCache
    - QMUIKit/QMUIComponents/QMUICellSizeKeyCache
    - QMUIKit/QMUIComponents/QMUICollectionViewPagingLayout
    - QMUIKit/QMUIComponents/QMUIFloatLayoutView
    - QMUIKit/QMUIComponents/QMUIGridView
    - QMUIKit/QMUIComponents/QMUIMultipleDelegates
    - QMUIKit/QMUIComponents/QMUINavigationButton
    - QMUIKit/QMUIComponents/QMUIOrderedDictionary
    - QMUIKit/QMUIComponents/QMUIScrollAnimator
    - QMUIKit/QMUIComponents/QMUISegmentedControl
    - QMUIKit/QMUIComponents/QMUIStaticTableView
    - QMUIKit/QMUIComponents/QMUITableView
    - QMUIKit/QMUIComponents/QMUITableViewHeaderFooterView
    - QMUIKit/QMUIComponents/QMUITableViewProtocols
    - QMUIKit/QMUIComponents/QMUIToolbarButton
    - QMUIKit/QMUIComponents/QMUIWindowSizeMonitor
    - QMUIKit/QMUICore
  - LDZFFormKit (0.2.0):
    - IQKeyboardManager
    - LDZFAlertDialog
    - LDZFCategories
    - LDZFCommon
    - Masonry
    - YYModel
    - YYText
  - LDZFPickerView (0.1.0)
  - Masonry (1.1.0)
  - QMUIKit/QMUIComponents/QMUIAnimation (4.1.3):
    - QMUIKit/QMUICore
  - QMUIKit/QMUIComponents/QMUIAppearance (4.1.3):
    - QMUIKit/QMUICore
  - QMUIKit/QMUIComponents/QMUIBadge (4.1.3):
    - QMUIKit/QMUIComponents/QMUILabel
    - QMUIKit/QMUICore
  - QMUIKit/QMUIComponents/QMUIButton (4.1.3):
    - QMUIKit/QMUICore
  - QMUIKit/QMUIComponents/QMUICAAnimationExtension (4.1.3):
    - QMUIKit/QMUIComponents/QMUIMultipleDelegates
    - QMUIKit/QMUICore
  - QMUIKit/QMUIComponents/QMUICALayerExtension (4.1.3):
    - QMUIKit/QMUIComponents/QMUIMultipleDelegates
    - QMUIKit/QMUICore
  - QMUIKit/QMUIComponents/QMUICellHeightCache (4.1.3):
    - QMUIKit/QMUIComponents/QMUITableViewProtocols
    - QMUIKit/QMUICore
  - QMUIKit/QMUIComponents/QMUICellHeightKeyCache (4.1.3):
    - QMUIKit/QMUIComponents/QMUIMultipleDelegates
    - QMUIKit/QMUIComponents/QMUITableViewProtocols
    - QMUIKit/QMUICore
  - QMUIKit/QMUIComponents/QMUICellSizeKeyCache (4.1.3):
    - QMUIKit/QMUIComponents/QMUIMultipleDelegates
    - QMUIKit/QMUICore
  - QMUIKit/QMUIComponents/QMUICollectionViewPagingLayout (4.1.3):
    - QMUIKit/QMUICore
  - QMUIKit/QMUIComponents/QMUIEmptyView (4.1.3):
    - QMUIKit/QMUIComponents/QMUIAppearance
    - QMUIKit/QMUIComponents/QMUIButton
    - QMUIKit/QMUICore
  - QMUIKit/QMUIComponents/QMUIFloatLayoutView (4.1.3):
    - QMUIKit/QMUICore
  - QMUIKit/QMUIComponents/QMUIGridView (4.1.3):
    - QMUIKit/QMUICore
  - QMUIKit/QMUIComponents/QMUIKeyboardManager (4.1.3):
    - QMUIKit/QMUICore
  - QMUIKit/QMUIComponents/QMUILabel (4.1.3):
    - QMUIKit/QMUICore
  - QMUIKit/QMUIComponents/QMUIMultipleDelegates (4.1.3):
    - QMUIKit/QMUICore
  - QMUIKit/QMUIComponents/QMUINavigationButton (4.1.3):
    - QMUIKit/QMUICore
    - QMUIKit/QMUIMainFrame
  - QMUIKit/QMUIComponents/QMUINavigationTitleView (4.1.3):
    - QMUIKit/QMUIComponents/QMUIAppearance
    - QMUIKit/QMUIComponents/QMUIButton
    - QMUIKit/QMUICore
  - QMUIKit/QMUIComponents/QMUIOrderedDictionary (4.1.3):
    - QMUIKit/QMUICore
  - QMUIKit/QMUIComponents/QMUIScrollAnimator (4.1.3):
    - QMUIKit/QMUIComponents/QMUIMultipleDelegates
    - QMUIKit/QMUICore
  - QMUIKit/QMUIComponents/QMUISegmentedControl (4.1.3):
    - QMUIKit/QMUICore
  - QMUIKit/QMUIComponents/QMUIStaticTableView (4.1.3):
    - QMUIKit/QMUIComponents/QMUIMultipleDelegates
    - QMUIKit/QMUIComponents/QMUITableViewCell
    - QMUIKit/QMUICore
  - QMUIKit/QMUIComponents/QMUITableView (4.1.3):
    - QMUIKit/QMUIComponents/QMUITableViewProtocols
    - QMUIKit/QMUICore
  - QMUIKit/QMUIComponents/QMUITableViewCell (4.1.3):
    - QMUIKit/QMUIComponents/QMUIButton
    - QMUIKit/QMUICore
  - QMUIKit/QMUIComponents/QMUITableViewHeaderFooterView (4.1.3):
    - QMUIKit/QMUICore
  - QMUIKit/QMUIComponents/QMUITableViewProtocols (4.1.3):
    - QMUIKit/QMUICore
  - QMUIKit/QMUIComponents/QMUIToolbarButton (4.1.3):
    - QMUIKit/QMUICore
  - QMUIKit/QMUIComponents/QMUIWindowSizeMonitor (4.1.3):
    - QMUIKit/QMUICore
  - QMUIKit/QMUICore (4.1.3):
    - QMUIKit/QMUILog
    - QMUIKit/QMUIWeakObjectContainer
  - QMUIKit/QMUILog (4.1.3)
  - QMUIKit/QMUIMainFrame (4.1.3):
    - QMUIKit/QMUIComponents/QMUIEmptyView
    - QMUIKit/QMUIComponents/QMUIKeyboardManager
    - QMUIKit/QMUIComponents/QMUIMultipleDelegates
    - QMUIKit/QMUIComponents/QMUINavigationTitleView
    - QMUIKit/QMUIComponents/QMUITableView
    - QMUIKit/QMUIComponents/QMUITableViewHeaderFooterView
    - QMUIKit/QMUICore
    - QMUIKit/QMUILog
  - QMUIKit/QMUIWeakObjectContainer (4.1.3)
  - YYModel (1.0.4)
  - YYText (1.0.7)

DEPENDENCIES:
  - LDZFAlertDialog
  - LDZFFormKit (from `../`)

SPEC REPOS:
  https://github.com/CocoaPods/Specs.git:
    - IQKeyboardManager
    - LDZFAlertDialog
    - LDZFCategories
    - LDZFCommon
    - LDZFPickerView
    - Masonry
    - QMUIKit
    - YYModel
    - YYText

EXTERNAL SOURCES:
  LDZFFormKit:
    :path: "../"

SPEC CHECKSUMS:
  IQKeyboardManager: 241cc94ccabc9deb8f8bd7d12f00d73288d13ecc
  LDZFAlertDialog: ba2680aa5560b7ae9cc9c7e8b20f1c94df47638b
  LDZFCategories: c04dec608b186880be842f4a080ba3b04c29dbfb
  LDZFCommon: b09aaba918d72b66c7304aa56b7a76fa0718c938
  LDZFFormKit: 76768d80d4809e5179474231c21fde21fd9ca0c4
  LDZFPickerView: 81a4c57fb6f596a0a9d38cd3aefb635ae5ac68ad
  Masonry: 678fab65091a9290e40e2832a55e7ab731aad201
  QMUIKit: 1063a99f90aedd6e2dd65026ce0df46e6785e67b
  YYModel: 2a7fdd96aaa4b86a824e26d0c517de8928c04b30
  YYText: 5c461d709e24d55a182d1441c41dc639a18a4849

PODFILE CHECKSUM: c440ca451954dffa31a400232dd93f16ae62eb8b

COCOAPODS: 1.11.2
